
Microsoft Visual Studio Solution File, Format Version 12.00
# Visual Studio Version 17
VisualStudioVersion = 17.13.35919.96 d17.13
MinimumVisualStudioVersion = 10.0.40219.1
Project("{FAE04EC0-301F-11D3-BF4B-00C04F79EFBC}") = "FRMLPStudentSuccess.GUI", "FRMLPStudentSuccess.GUI\FRMLPStudentSuccess.GUI.csproj", "{6936B575-27C0-4788-AC8A-CE42A7AA502D}"
EndProject
Global
	GlobalSection(SolutionConfigurationPlatforms) = preSolution
		Debug|Any CPU = Debug|Any CPU
		Release|Any CPU = Release|Any CPU
	EndGlobalSection
	GlobalSection(ProjectConfigurationPlatforms) = postSolution
		{6936B575-27C0-4788-AC8A-CE42A7AA502D}.Debug|Any CPU.ActiveCfg = Debug|Any CPU
		{6936B575-27C0-4788-AC8A-CE42A7AA502D}.Debug|Any CPU.Build.0 = Debug|Any CPU
		{6936B575-27C0-4788-AC8A-CE42A7AA502D}.Release|Any CPU.ActiveCfg = Release|Any CPU
		{6936B575-27C0-4788-AC8A-CE42A7AA502D}.Release|Any CPU.Build.0 = Release|Any CPU
	EndGlobalSection
	GlobalSection(SolutionProperties) = preSolution
		HideSolutionNode = FALSE
	EndGlobalSection
	GlobalSection(ExtensibilityGlobals) = postSolution
		SolutionGuid = {D0785AC7-68B9-4A02-9F1D-8C56CF4E7C27}
	EndGlobalSection
EndGlobal
